
Microsoft Visual Studio Solution File, Format Version 12.00
# Visual Studio 15
VisualStudioVersion = 15.0.27130.2003
MinimumVisualStudioVersion = 10.0.40219.1
Project("{FAE04EC0-301F-11D3-BF4B-00C04F79EFBC}") = "QBittorrent.CommandLineInterface", "QBittorrent.CommandLineInterface\QBittorrent.CommandLineInterface.csproj", "{B4E40485-E6FB-48FF-86D3-A5E6221C8234}"
EndProject
Project("{FAE04EC0-301F-11D3-BF4B-00C04F79EFBC}") = "QBittorrent.Client", "QBittorrent.Client\QBittorrent.Client.csproj", "{04EBEA0B-B98B-4FA3-B6FA-6640A1F2A0F6}"
EndProject
Global
	GlobalSection(SolutionConfigurationPlatforms) = preSolution
		Debug|Any CPU = Debug|Any CPU
		Release|Any CPU = Release|Any CPU
	EndGlobalSection
	GlobalSection(ProjectConfigurationPlatforms) = postSolution
		{B4E40485-E6FB-48FF-86D3-A5E6221C8234}.Debug|Any CPU.ActiveCfg = Debug|Any CPU
		{B4E40485-E6FB-48FF-86D3-A5E6221C8234}.Debug|Any CPU.Build.0 = Debug|Any CPU
		{B4E40485-E6FB-48FF-86D3-A5E6221C8234}.Release|Any CPU.ActiveCfg = Release|Any CPU
		{B4E40485-E6FB-48FF-86D3-A5E6221C8234}.Release|Any CPU.Build.0 = Release|Any CPU
		{04EBEA0B-B98B-4FA3-B6FA-6640A1F2A0F6}.Debug|Any CPU.ActiveCfg = Debug|Any CPU
		{04EBEA0B-B98B-4FA3-B6FA-6640A1F2A0F6}.Debug|Any CPU.Build.0 = Debug|Any CPU
		{04EBEA0B-B98B-4FA3-B6FA-6640A1F2A0F6}.Release|Any CPU.ActiveCfg = Release|Any CPU
		{04EBEA0B-B98B-4FA3-B6FA-6640A1F2A0F6}.Release|Any CPU.Build.0 = Release|Any CPU
	EndGlobalSection
	GlobalSection(SolutionProperties) = preSolution
		HideSolutionNode = FALSE
	EndGlobalSection
	GlobalSection(ExtensibilityGlobals) = postSolution
		SolutionGuid = {B35566AB-107E-4892-8BEB-51AE42386809}
	EndGlobalSection
EndGlobal
